{
  "nodes": {
    "nixpkgs": {
      "locked": {
        "lastModified": 1785318670,
        "narHash": "sha256-dN6Ou5x/+23FZLEpYP3IffO+NyJFzUlGumt1uu3MMaY=",
        "owner": "NixOS",
        "repo": "nixpkgs",
        "rev": "0954f7ee2f6bb3dc7d4e3d0d8bcb8fd4bde4cfc5",
        "type": "github"
      },
      "original": {
        "owner": "NixOS",
        "ref": "nixos-unstable",
        "repo": "nixpkgs",
        "type": "github"
      }
    },
    "nixtest": {
      "inputs": {
        "nixpkgs": [
          "nixpkgs"
        ]
      },
      "locked": {
        "lastModified": 1785418816,
        "narHash": "sha256-2x7/Svox5Yznk2P5OjUg6Xj0yrshLZA4cmFloDZKvSY=",
        "owner": "julian-corbet",
        "repo": "nixtest-corbet-ch",
        "rev": "8d9ae75992e3eff1f5ff3c06cf74b6a44f630bfb",
        "type": "github"
      },
      "original": {
        "owner": "julian-corbet",
        "repo": "nixtest-corbet-ch",
        "type": "github"
      }
    },
    "root": {
      "inputs": {
        "nixpkgs": "nixpkgs",
        "nixtest": "nixtest"
      }
    }
  },
  "root": "root",
  "version": 7
}
